{
  "name": "test",
  "version": "1.0.0",
  "lockfileVersion": 3,
  "requires": true,
  "packages": {
    "": {
      "name": "test",
      "version": "1.0.0",
      "license": "ISC",
      "dependencies": {
        "black-scholes": "^1.1.0",
        "jstat": "^1.9.6",
        "ws": "^8.13.0"
      }
    },
    "node_modules/black-scholes": {
      "version": "1.1.0",
      "resolved": "https://registry.npmjs.org/black-scholes/-/black-scholes-1.1.0.tgz",
      "integrity": "sha512-23iaI490ai4pRclxWTM7BJyD8GzDibJCltLSX3xg86D3t8fzx67cqYSfL8WQLHnza1BhEeeA898XqpfRuQyQ2w=="
    },
    "node_modules/jstat": {
      "version": "1.9.6",
      "resolved": "https://registry.npmjs.org/jstat/-/jstat-1.9.6.tgz",
      "integrity": "sha512-rPBkJbK2TnA8pzs93QcDDPlKcrtZWuuCo2dVR0TFLOJSxhqfWOVCSp8aV3/oSbn+4uY4yw1URtLpHQedtmXfug=="
    },
    "node_modules/ws": {
      "version": "8.13.0",
      "resolved": "https://registry.npmjs.org/ws/-/ws-8.13.0.tgz",
      "integrity": "sha512-x9vcZYTrFPC7aSIbj7sRCYo7L/Xb8Iy+pW0ng0wt2vCJv7M9HOMy0UoN3rr+IFC7hb7vXoqS+P9ktyLLLhO+LA==",
      "engines": {
        "node": ">=10.0.0"
      },
      "peerDependencies": {
        "bufferutil": "^4.0.1",
        "utf-8-validate": ">=5.0.2"
      },
      "peerDependenciesMeta": {
        "bufferutil": {
          "optional": true
        },
        "utf-8-validate": {
          "optional": true
        }
      }
    }
  }
}
